{
  "name": "testBalloon",
  "version": "0.4.0-2.2.20-Beta1-SNAPSHOT",
  "lockfileVersion": 3,
  "requires": true,
  "packages": {
    "": {
      "name": "testBalloon",
      "version": "0.4.0-2.2.20-Beta1-SNAPSHOT",
      "workspaces": [
        "packages/testBalloon-experiments",
        "packages/testBalloon-experiments-test",
        "packages/testBalloon-testBalloon-framework-abstractions",
        "packages/testBalloon-testBalloon-framework-abstractions-test",
        "packages/testBalloon-testBalloon-framework-core",
        "packages/testBalloon-testBalloon-framework-core-test",
        "packages/testBalloon-testBalloon-integration-blocking-detection",
        "packages/testBalloon-testBalloon-integration-blocking-detection-test",
        "packages/testBalloon-testBalloon-integration-kotest-assertions",
        "packages/testBalloon-testBalloon-integration-kotest-assertions-test",
        "packages/testBalloon-comparisons-using-kotlin-test",
        "packages/testBalloon-comparisons-using-kotlin-test-test",
        "packages/testBalloon-comparisons-using-testBalloon",
        "packages/testBalloon-comparisons-using-testBalloon-test",
        "packages/testBalloon-examples-framework-core",
        "packages/testBalloon-examples-framework-core-test",
        "packages/testBalloon-examples-integration-kotest-assertions",
        "packages/testBalloon-examples-integration-kotest-assertions-test"
      ],
      "devDependencies": {}
    },
    "node_modules/testBalloon-comparisons-using-kotlin-test": {
      "resolved": "packages/testBalloon-comparisons-using-kotlin-test",
      "link": true
    },
    "node_modules/testBalloon-comparisons-using-kotlin-test-test": {
      "resolved": "packages/testBalloon-comparisons-using-kotlin-test-test",
      "link": true
    },
    "node_modules/testBalloon-comparisons-using-testBalloon": {
      "resolved": "packages/testBalloon-comparisons-using-testBalloon",
      "link": true
    },
    "node_modules/testBalloon-comparisons-using-testBalloon-test": {
      "resolved": "packages/testBalloon-comparisons-using-testBalloon-test",
      "link": true
    },
    "node_modules/testBalloon-examples-framework-core": {
      "resolved": "packages/testBalloon-examples-framework-core",
      "link": true
    },
    "node_modules/testBalloon-examples-framework-core-test": {
      "resolved": "packages/testBalloon-examples-framework-core-test",
      "link": true
    },
    "node_modules/testBalloon-examples-integration-kotest-assertions": {
      "resolved": "packages/testBalloon-examples-integration-kotest-assertions",
      "link": true
    },
    "node_modules/testBalloon-examples-integration-kotest-assertions-test": {
      "resolved": "packages/testBalloon-examples-integration-kotest-assertions-test",
      "link": true
    },
    "node_modules/testBalloon-experiments": {
      "resolved": "packages/testBalloon-experiments",
      "link": true
    },
    "node_modules/testBalloon-experiments-test": {
      "resolved": "packages/testBalloon-experiments-test",
      "link": true
    },
    "node_modules/testBalloon-testBalloon-framework-abstractions": {
      "resolved": "packages/testBalloon-testBalloon-framework-abstractions",
      "link": true
    },
    "node_modules/testBalloon-testBalloon-framework-abstractions-test": {
      "resolved": "packages/testBalloon-testBalloon-framework-abstractions-test",
      "link": true
    },
    "node_modules/testBalloon-testBalloon-framework-core": {
      "resolved": "packages/testBalloon-testBalloon-framework-core",
      "link": true
    },
    "node_modules/testBalloon-testBalloon-framework-core-test": {
      "resolved": "packages/testBalloon-testBalloon-framework-core-test",
      "link": true
    },
    "node_modules/testBalloon-testBalloon-integration-blocking-detection": {
      "resolved": "packages/testBalloon-testBalloon-integration-blocking-detection",
      "link": true
    },
    "node_modules/testBalloon-testBalloon-integration-blocking-detection-test": {
      "resolved": "packages/testBalloon-testBalloon-integration-blocking-detection-test",
      "link": true
    },
    "node_modules/testBalloon-testBalloon-integration-kotest-assertions": {
      "resolved": "packages/testBalloon-testBalloon-integration-kotest-assertions",
      "link": true
    },
    "node_modules/testBalloon-testBalloon-integration-kotest-assertions-test": {
      "resolved": "packages/testBalloon-testBalloon-integration-kotest-assertions-test",
      "link": true
    },
    "packages/testBalloon-comparisons-using-kotlin-test": {
      "version": "0.4.0-2.2.20-Beta1-SNAPSHOT",
      "devDependencies": {}
    },
    "packages/testBalloon-comparisons-using-kotlin-test-test": {
      "version": "0.4.0-2.2.20-Beta1-SNAPSHOT",
      "devDependencies": {}
    },
    "packages/testBalloon-comparisons-using-testBalloon": {
      "version": "0.4.0-2.2.20-Beta1-SNAPSHOT",
      "devDependencies": {}
    },
    "packages/testBalloon-comparisons-using-testBalloon-test": {
      "version": "0.4.0-2.2.20-Beta1-SNAPSHOT",
      "devDependencies": {}
    },
    "packages/testBalloon-examples-framework-core": {
      "version": "0.4.0-2.2.20-Beta1-SNAPSHOT",
      "devDependencies": {}
    },
    "packages/testBalloon-examples-framework-core-test": {
      "version": "0.4.0-2.2.20-Beta1-SNAPSHOT",
      "devDependencies": {}
    },
    "packages/testBalloon-examples-integration-kotest-assertions": {
      "version": "0.4.0-2.2.20-Beta1-SNAPSHOT",
      "devDependencies": {}
    },
    "packages/testBalloon-examples-integration-kotest-assertions-test": {
      "version": "0.4.0-2.2.20-Beta1-SNAPSHOT",
      "devDependencies": {}
    },
    "packages/testBalloon-experiments": {
      "version": "0.4.0-2.2.20-Beta1-SNAPSHOT",
      "devDependencies": {}
    },
    "packages/testBalloon-experiments-test": {
      "version": "0.4.0-2.2.20-Beta1-SNAPSHOT",
      "devDependencies": {}
    },
    "packages/testBalloon-testBalloon-framework-abstractions": {
      "version": "0.4.0-2.2.20-Beta1-SNAPSHOT",
      "devDependencies": {}
    },
    "packages/testBalloon-testBalloon-framework-abstractions-test": {
      "version": "0.4.0-2.2.20-Beta1-SNAPSHOT",
      "devDependencies": {}
    },
    "packages/testBalloon-testBalloon-framework-core": {
      "version": "0.4.0-2.2.20-Beta1-SNAPSHOT",
      "devDependencies": {}
    },
    "packages/testBalloon-testBalloon-framework-core-test": {
      "version": "0.4.0-2.2.20-Beta1-SNAPSHOT",
      "devDependencies": {}
    },
    "packages/testBalloon-testBalloon-integration-blocking-detection": {
      "version": "0.4.0-2.2.20-Beta1-SNAPSHOT",
      "devDependencies": {}
    },
    "packages/testBalloon-testBalloon-integration-blocking-detection-test": {
      "version": "0.4.0-2.2.20-Beta1-SNAPSHOT",
      "devDependencies": {}
    },
    "packages/testBalloon-testBalloon-integration-kotest-assertions": {
      "version": "0.4.0-2.2.20-Beta1-SNAPSHOT",
      "devDependencies": {}
    },
    "packages/testBalloon-testBalloon-integration-kotest-assertions-test": {
      "version": "0.4.0-2.2.20-Beta1-SNAPSHOT",
      "devDependencies": {}
    }
  }
}
